
Microsoft Visual Studio Solution File, Format Version 12.00
# Visual Studio Version 17
VisualStudioVersion = 17.6.33815.320
MinimumVisualStudioVersion = 10.0.40219.1
Project("{9A19103F-16F7-4668-BE54-9A1E7A4F7556}") = "OverDrive.Chapters", "OverDrive.Chapters.csproj", "{051A70A9-7438-4C17-B03E-6145803AA00F}"
EndProject
Global
	GlobalSection(SolutionConfigurationPlatforms) = preSolution
		Debug|Any CPU = Debug|Any CPU
		Release|Any CPU = Release|Any CPU
	EndGlobalSection
	GlobalSection(ProjectConfigurationPlatforms) = postSolution
		{051A70A9-7438-4C17-B03E-6145803AA00F}.Debug|Any CPU.ActiveCfg = Debug|Any CPU
		{051A70A9-7438-4C17-B03E-6145803AA00F}.Debug|Any CPU.Build.0 = Debug|Any CPU
		{051A70A9-7438-4C17-B03E-6145803AA00F}.Release|Any CPU.ActiveCfg = Release|Any CPU
		{051A70A9-7438-4C17-B03E-6145803AA00F}.Release|Any CPU.Build.0 = Release|Any CPU
	EndGlobalSection
	GlobalSection(SolutionProperties) = preSolution
		HideSolutionNode = FALSE
	EndGlobalSection
	GlobalSection(ExtensibilityGlobals) = postSolution
		SolutionGuid = {0E8C0EE5-73C7-41EF-BA20-4FEB57B0C106}
	EndGlobalSection
EndGlobal
