
Microsoft Visual Studio Solution File, Format Version 12.00
# Visual Studio Version 17
VisualStudioVersion = 17.8.34330.188
MinimumVisualStudioVersion = 10.0.40219.1
Project("{FAE04EC0-301F-11D3-BF4B-00C04F79EFBC}") = "OverDrive.ResizeCover", "OverDrive.ResizeCover.csproj", "{2C8DBB40-7188-470E-845C-C439BF91C295}"
EndProject
Global
	GlobalSection(SolutionConfigurationPlatforms) = preSolution
		Debug|Any CPU = Debug|Any CPU
		Release|Any CPU = Release|Any CPU
	EndGlobalSection
	GlobalSection(ProjectConfigurationPlatforms) = postSolution
		{2C8DBB40-7188-470E-845C-C439BF91C295}.Debug|Any CPU.ActiveCfg = Debug|Any CPU
		{2C8DBB40-7188-470E-845C-C439BF91C295}.Debug|Any CPU.Build.0 = Debug|Any CPU
		{2C8DBB40-7188-470E-845C-C439BF91C295}.Release|Any CPU.ActiveCfg = Release|Any CPU
		{2C8DBB40-7188-470E-845C-C439BF91C295}.Release|Any CPU.Build.0 = Release|Any CPU
	EndGlobalSection
	GlobalSection(SolutionProperties) = preSolution
		HideSolutionNode = FALSE
	EndGlobalSection
	GlobalSection(ExtensibilityGlobals) = postSolution
		SolutionGuid = {D88280E9-97FF-4AF1-B6E6-F98841CAE9CC}
	EndGlobalSection
EndGlobal
